<?xml version="1.0" encoding="utf-8"?>
<Project ToolsVersion="4.0" xmlns="http://schemas.microsoft.com/developer/msbuild/2003">
  <ItemGroup>
    <Filter Include="Header Files">
      <UniqueIdentifier>{93995380-89BD-4b04-88EB-625FBE52EBFB}</UniqueIdentifier>
      <Extensions>h;hh;hpp;hxx;h++;hm;inl;inc;ipp;xsd</Extensions>
    </Filter>
    <Filter Include="Resource Files">
      <UniqueIdentifier>{67DA6AB6-F800-4c08-8B7A-83BB121AAD01}</UniqueIdentifier>
      <Extensions>rc;ico;cur;bmp;dlg;rc2;rct;bin;rgs;gif;jpg;jpeg;jpe;resx;tiff;tif;png;wav;mfcribbon-ms</Extensions>
    </Filter>
    <Filter Include="shaders">
      <UniqueIdentifier>{eaa5ba0a-b9f5-4b05-9405-705e889afb07}</UniqueIdentifier>
    </Filter>
    <Filter Include="Source Files">
      <UniqueIdentifier>{4FC737F1-C7A5-4376-A066-2A32D752A2FF}</UniqueIdentifier>
      <Extensions>cpp;c;cc;cxx;c++;cppm;ixx;def;odl;idl;hpj;bat;asm;asmx</Extensions>
    </Filter>
  </ItemGroup>
  <ItemGroup>
    <ClCompile Include="main.cpp">
      <Filter>Source Files</Filter>
    </ClCompile>
    <ClCompile Include="Shader.cpp">
      <Filter>Source Files</Filter>
    </ClCompile>
    <ClCompile Include="Camera.cpp">
      <Filter>Source Files</Filter>
    </ClCompile>
    <ClCompile Include="StarField.cpp">
      <Filter>Source Files</Filter>
    </ClCompile>
    <ClCompile Include="SphereRenderer.cpp">
      <Filter>Source Files</Filter>
    </ClCompile>
    <ClCompile Include="Texture2D.cpp">
      <Filter>Source Files</Filter>
    </ClCompile>
    <ClCompile Include="GravitySystem.cpp">
      <Filter>Source Files</Filter>
    </ClCompile>
    <ClCompile Include="external\imgui\imgui.cpp">
      <Filter>Source Files</Filter>
    </ClCompile>
    <ClCompile Include="external\imgui\imgui_draw.cpp">
      <Filter>Source Files</Filter>
    </ClCompile>
    <ClCompile Include="external\imgui\imgui_tables.cpp">
      <Filter>Source Files</Filter>
    </ClCompile>
    <ClCompile Include="external\imgui\imgui_widgets.cpp">
      <Filter>Source Files</Filter>
    </ClCompile>
    <ClCompile Include="external\imgui\backends\imgui_impl_glfw.cpp">
      <Filter>Source Files</Filter>
    </ClCompile>
    <ClCompile Include="external\imgui\backends\imgui_impl_opengl3.cpp">
      <Filter>Source Files</Filter>
    </ClCompile>
    <ClCompile Include="HUD.cpp">
      <Filter>Source Files</Filter>
    </ClCompile>
    <ClCompile Include="SimulationClock.cpp">
      <Filter>Source Files</Filter>
    </ClCompile>
    <ClCompile Include="RelativisticObserver.cpp">
      <Filter>Source Files</Filter>
    </ClCompile>
    <ClCompile Include="PhysicalObserver.cpp">
      <Filter>Source Files</Filter>
    </ClCompile>
    <ClCompile Include="ObserverGravitySystem.cpp">
      <Filter>Source Files</Filter>
    </ClCompile>
    <ClCompile Include="GaiaStarField.cpp">
      <Filter>Source Files</Filter>
    </ClCompile>
    <ClCompile Include="MilkyWayOutline.cpp">
      <Filter>Source Files</Filter>
    </ClCompile>
    <ClCompile Include="GalacticCenterMarker.cpp">
      <Filter>Source Files</Filter>
    </ClCompile>
    <ClCompile Include="NamedStarField.cpp">
      <Filter>Source Files</Filter>
    </ClCompile>
    <ClCompile Include="MilkyWayDensityRenderer.cpp">
      <Filter>Source Files</Filter>
    </ClCompile>
    <ClCompile Include="ProceduralStarField.cpp">
      <Filter>Source Files</Filter>
    </ClCompile>
    <ClCompile Include="GravitationalLensingRenderer.cpp">
      <Filter>Source Files</Filter>
    </ClCompile>
    <ClCompile Include="LocalMilkyWayStarField.cpp">
      <Filter>Source Files</Filter>
    </ClCompile>
    <ClCompile Include="MilkyWayDensityField.cpp">
      <Filter>Source Files</Filter>
    </ClCompile>
    <ClCompile Include="AndromedaDensityRenderer.cpp">
      <Filter>Source Files</Filter>
    </ClCompile>
    <ClCompile Include="LocalAndromedaStarField.cpp">
      <Filter>Source Files</Filter>
    </ClCompile>
  </ItemGroup>
  <ItemGroup>
    <ClInclude Include="Shader.h">
      <Filter>Header Files</Filter>
    </ClInclude>
    <ClInclude Include="Camera.h">
      <Filter>Header Files</Filter>
    </ClInclude>
    <ClInclude Include="StarField.h">
      <Filter>Header Files</Filter>
    </ClInclude>
    <ClInclude Include="CelestialBody.h">
      <Filter>Header Files</Filter>
    </ClInclude>
    <ClInclude Include="SphereRenderer.h">
      <Filter>Header Files</Filter>
    </ClInclude>
    <ClInclude Include="Texture2D.h">
      <Filter>Header Files</Filter>
    </ClInclude>
    <ClInclude Include="PhysicsConstants.h">
      <Filter>Header Files</Filter>
    </ClInclude>
    <ClInclude Include="GravitySystem.h">
      <Filter>Header Files</Filter>
    </ClInclude>
    <ClInclude Include="RenderConstants.h">
      <Filter>Header Files</Filter>
    </ClInclude>
    <ClInclude Include="HUD.h">
      <Filter>Header Files</Filter>
    </ClInclude>
    <ClInclude Include="SimulationClock.h">
      <Filter>Header Files</Filter>
    </ClInclude>
    <ClInclude Include="RelativisticObserver.h">
      <Filter>Header Files</Filter>
    </ClInclude>
    <ClInclude Include="PhysicalObserver.h">
      <Filter>Header Files</Filter>
    </ClInclude>
    <ClInclude Include="ObserverGravitySystem.h">
      <Filter>Header Files</Filter>
    </ClInclude>
    <ClInclude Include="GaiaStarField.h">
      <Filter>Header Files</Filter>
    </ClInclude>
    <ClInclude Include="MilkyWayOutline.h">
      <Filter>Header Files</Filter>
    </ClInclude>
    <ClInclude Include="GalacticFrame.h">
      <Filter>Header Files</Filter>
    </ClInclude>
    <ClInclude Include="GalacticCenterMarker.h">
      <Filter>Header Files</Filter>
    </ClInclude>
    <ClInclude Include="NamedStarField.h">
      <Filter>Header Files</Filter>
    </ClInclude>
    <ClInclude Include="MilkyWayDensityRenderer.h">
      <Filter>Header Files</Filter>
    </ClInclude>
    <ClInclude Include="ProceduralStarField.h">
      <Filter>Header Files</Filter>
    </ClInclude>
    <ClInclude Include="MilkyWayModel.h">
      <Filter>Header Files</Filter>
    </ClInclude>
    <ClInclude Include="GravitationalLensingRenderer.h">
      <Filter>Header Files</Filter>
    </ClInclude>
    <ClInclude Include="LocalMilkyWayStarField.h">
      <Filter>Header Files</Filter>
    </ClInclude>
    <ClInclude Include="MilkyWayDensityField.h">
      <Filter>Header Files</Filter>
    </ClInclude>
    <ClInclude Include="AndromedaModel.h">
      <Filter>Header Files</Filter>
    </ClInclude>
    <ClInclude Include="AndromedaDensityRenderer.h">
      <Filter>Header Files</Filter>
    </ClInclude>
    <ClInclude Include="LocalAndromedaStarField.h">
      <Filter>Header Files</Filter>
    </ClInclude>
    <ClInclude Include="SpaceRocket.h">
      <Filter>Header Files</Filter>
    </ClInclude>
  </ItemGroup>
  <ItemGroup>
    <None Include="shaders\basic.frag">
      <Filter>shaders</Filter>
    </None>
    <None Include="shaders\basic.vert">
      <Filter>shaders</Filter>
    </None>
    <None Include="shaders\star.frag">
      <Filter>shaders</Filter>
    </None>
    <None Include="shaders\star.vert">
      <Filter>shaders</Filter>
    </None>
    <None Include="shaders\body.vert">
      <Filter>shaders</Filter>
    </None>
    <None Include="shaders\body.frag">
      <Filter>shaders</Filter>
    </None>
    <None Include="shaders\gaia_star.vert">
      <Filter>shaders</Filter>
    </None>
    <None Include="shaders\gaia_star.frag">
      <Filter>shaders</Filter>
    </None>
    <None Include="shaders\milkyway_outline.vert">
      <Filter>shaders</Filter>
    </None>
    <None Include="shaders\milkyway_outline.frag">
      <Filter>shaders</Filter>
    </None>
    <None Include="shaders\galactic_center.vert">
      <Filter>shaders</Filter>
    </None>
    <None Include="shaders\galactic_center.frag">
      <Filter>shaders</Filter>
    </None>
    <None Include="shaders\named_star.vert">
      <Filter>shaders</Filter>
    </None>
    <None Include="shaders\named_star.frag">
      <Filter>shaders</Filter>
    </None>
    <None Include="shaders\milkyway_density.vert">
      <Filter>shaders</Filter>
    </None>
    <None Include="shaders\milkyway_density.frag">
      <Filter>shaders</Filter>
    </None>
    <None Include="shaders\lensing.vert">
      <Filter>shaders</Filter>
    </None>
    <None Include="shaders\lensing.frag">
      <Filter>shaders</Filter>
    </None>
    <None Include="shaders\local_milkyway_star.vert">
      <Filter>shaders</Filter>
    </None>
    <None Include="shaders\local_milkyway_star.frag">
      <Filter>shaders</Filter>
    </None>
    <None Include="shaders\andromeda_density.frag">
      <Filter>shaders</Filter>
    </None>
    <None Include="shaders\andromeda_density.vert">
      <Filter>shaders</Filter>
    </None>
  </ItemGroup>
</Project>